{
  "nodes": {
    "nixpkgs": {
      "locked": {
        "lastModified": 1779258049,
        "narHash": "sha256-coe48CFPmiQWw86FD+/+Uc0HzeOPAyU+ETiE7vU0lhA=",
        "owner": "NixOS",
        "repo": "nixpkgs",
        "rev": "c851438f497608150e675481dd18ef95e8df3720",
        "type": "github"
      },
      "original": {
        "owner": "NixOS",
        "repo": "nixpkgs",
        "type": "github"
      }
    },
    "root": {
      "inputs": {
        "nixpkgs": "nixpkgs"
      }
    }
  },
  "root": "root",
  "version": 7
}
